<?xml version="1.0" encoding="UTF-8"?>
<Scheme
   version = "1.3">
   <BuildAction>
      <BuildActionEntries>
         <BuildActionEntry
            buildForRunning = "YES">
            <BuildableReference
               BuildableIdentifier = "primary"
               BlueprintIdentifier = "E148B6840DDB3BA3C1A629C3"
               BuildableName = "I am Rich.app"
               BlueprintName = "I am Rich (iOS)"
               ReferencedContainer = "container:I am Rich.xcodeproj">
            </BuildableReference>
         </BuildActionEntry>
      </BuildActionEntries>
   </BuildAction>
   <LaunchAction
      useCustomWorkingDirectory = "NO"
      buildConfiguration = "Debug"
      allowLocationSimulation = "YES">
      <BuildableProductRunnable>
         <BuildableReference
            BuildableIdentifier = "primary"
            BlueprintIdentifier = "E148B6840DDB3BA3C1A629C3"
            BuildableName = "I am Rich.app"
            BlueprintName = "I am Rich (iOS)"
            ReferencedContainer = "container:I am Rich.xcodeproj">
         </BuildableReference>
      </BuildableProductRunnable>
   </LaunchAction>
</Scheme>
